{
  "originHash" : "87ef9916205ff50b5ab27332e401cae80c3723f572506a3ff3233c4eaafc0964",
  "pins" : [
    {
      "identity" : "swiftuiworkshop",
      "kind" : "remoteSourceControl",
      "location" : "https://github.com/tony1224/SwiftUIWorkshop.git",
      "state" : {
        "revision" : "8d5272fbce0dfc7e2f53f006530f71ea9ef2a1c8",
        "version" : "1.3.0"
      }
    }
  ],
  "version" : 3
}
