{
  "originHash" : "87ef9916205ff50b5ab27332e401cae80c3723f572506a3ff3233c4eaafc0964",
  "pins" : [
    {
      "identity" : "swiftuiworkshop",
      "kind" : "remoteSourceControl",
      "location" : "https://github.com/tony1224/SwiftUIWorkshop.git",
      "state" : {
        "revision" : "ffe4271afb6e007d222697232a2f67e261bbf16f",
        "version" : "1.5.0"
      }
    }
  ],
  "version" : 3
}
