{
  "originHash" : "87ef9916205ff50b5ab27332e401cae80c3723f572506a3ff3233c4eaafc0964",
  "pins" : [
    {
      "identity" : "swiftuiworkshop",
      "kind" : "remoteSourceControl",
      "location" : "https://github.com/tony1224/SwiftUIWorkshop.git",
      "state" : {
        "revision" : "5f8dc20cf3992d55aa140dad5fafa819234a7a6f",
        "version" : "1.4.2"
      }
    }
  ],
  "version" : 3
}
